
Microsoft Visual Studio Solution File, Format Version 11.00
# Visual Studio 2010
Project("{FAE04EC0-301F-11D3-BF4B-00C04F79EFBC}") = "SeleniumWrapper", "SeleniumWrapper.csproj", "{C6044AEF-15CC-4DCE-A481-CE021AA9EEFF}"
EndProject
Project("{FAE04EC0-301F-11D3-BF4B-00C04F79EFBC}") = "InterfaceGeneration", "..\interface\InterfaceGeneration.csproj", "{C70B9103-6FA4-4C6B-A368-36A620C48980}"
EndProject
Project("{FAE04EC0-301F-11D3-BF4B-00C04F79EFBC}") = "SeleniumWrapper-Tests", "..\Tests\SeleniumWrapper-Tests.csproj", "{FB070E01-ACF3-43B6-B824-51984E394661}"
EndProject
Project("{2150E333-8FDC-42A3-9474-1A3956D46DE8}") = "Solution Items", "Solution Items", "{0E558592-66EF-45C3-9C26-41A1F0253D10}"
	ProjectSection(SolutionItems) = preProject
		Local.testsettings = Local.testsettings
		SeleniumWrapper.vsmdi = SeleniumWrapper.vsmdi
		TraceAndTestImpact.testsettings = TraceAndTestImpact.testsettings
	EndProjectSection
EndProject
Project("{FAE04EC0-301F-11D3-BF4B-00C04F79EFBC}") = "WinATT-Windriver", "..\WinATT-Windriver\WinATT-Windriver.csproj", "{E38DA0FD-EFD3-4050-9867-E2FFEFABF3B3}"
EndProject
Project("{FAE04EC0-301F-11D3-BF4B-00C04F79EFBC}") = "WinATT-Tests", "..\Windriver-Tests\WinATT-Tests.csproj", "{7826383E-3566-43AC-8FDD-E378249F7AF7}"
EndProject
Project("{FAE04EC0-301F-11D3-BF4B-00C04F79EFBC}") = "NUnitAddinsDsExt", "..\NUnitAddins\NUnitAddinsDsExt.csproj", "{2D643C76-D228-435F-A55F-018D27B34EC9}"
EndProject
Project("{FAE04EC0-301F-11D3-BF4B-00C04F79EFBC}") = "WinATT-RemoteServer", "..\WinATT-Remote\WinATT-RemoteServer.csproj", "{A914B9E2-538C-44E1-8768-BC8936B3ECA3}"
EndProject
Project("{FAE04EC0-301F-11D3-BF4B-00C04F79EFBC}") = "ConsoleApplication1", "..\ConsoleApplication1\ConsoleApplication1.csproj", "{F1497EF9-3131-471E-95CF-8F3D2FE75B8C}"
EndProject
Project("{FAE04EC0-301F-11D3-BF4B-00C04F79EFBC}") = "ImageCompare", "..\ImageCompare\ImageCompare.csproj", "{7DD01EF0-9AC1-4A6D-900A-23426774A49B}"
EndProject
Project("{FAE04EC0-301F-11D3-BF4B-00C04F79EFBC}") = "SeleniumTests", "..\SeleniumTests\SeleniumTests.csproj", "{8C736FEF-5C57-421D-968F-EF2AD7D6A8BA}"
EndProject
Project("{FAE04EC0-301F-11D3-BF4B-00C04F79EFBC}") = "SScript", "..\SScript\SScript.csproj", "{20AE71E5-B9A8-415A-A9F1-A378E1EC2602}"
EndProject
Global
	GlobalSection(TestCaseManagementSettings) = postSolution
		CategoryFile = SeleniumWrapper.vsmdi
	EndGlobalSection
	GlobalSection(SolutionConfigurationPlatforms) = preSolution
		Console|Any CPU = Console|Any CPU
		Console|Mixed Platforms = Console|Mixed Platforms
		Console|x86 = Console|x86
		Debug|Any CPU = Debug|Any CPU
		Debug|Mixed Platforms = Debug|Mixed Platforms
		Debug|x86 = Debug|x86
		DebugExcel|Any CPU = DebugExcel|Any CPU
		DebugExcel|Mixed Platforms = DebugExcel|Mixed Platforms
		DebugExcel|x86 = DebugExcel|x86
		DebugVBScript|Any CPU = DebugVBScript|Any CPU
		DebugVBScript|Mixed Platforms = DebugVBScript|Mixed Platforms
		DebugVBScript|x86 = DebugVBScript|x86
		Generate|Any CPU = Generate|Any CPU
		Generate|Mixed Platforms = Generate|Mixed Platforms
		Generate|x86 = Generate|x86
		Release|Any CPU = Release|Any CPU
		Release|Mixed Platforms = Release|Mixed Platforms
		Release|x86 = Release|x86
		VBSrunner|Any CPU = VBSrunner|Any CPU
		VBSrunner|Mixed Platforms = VBSrunner|Mixed Platforms
		VBSrunner|x86 = VBSrunner|x86
		VS_Tests|Any CPU = VS_Tests|Any CPU
		VS_Tests|Mixed Platforms = VS_Tests|Mixed Platforms
		VS_Tests|x86 = VS_Tests|x86
		Windriver-Tests|Any CPU = Windriver-Tests|Any CPU
		Windriver-Tests|Mixed Platforms = Windriver-Tests|Mixed Platforms
		Windriver-Tests|x86 = Windriver-Tests|x86
	EndGlobalSection
	GlobalSection(ProjectConfigurationPlatforms) = postSolution
		{C6044AEF-15CC-4DCE-A481-CE021AA9EEFF}.Console|Any CPU.ActiveCfg = Console|Any CPU
		{C6044AEF-15CC-4DCE-A481-CE021AA9EEFF}.Console|Any CPU.Build.0 = Console|Any CPU
		{C6044AEF-15CC-4DCE-A481-CE021AA9EEFF}.Console|Mixed Platforms.ActiveCfg = Console|Any CPU
		{C6044AEF-15CC-4DCE-A481-CE021AA9EEFF}.Console|x86.ActiveCfg = Console|Any CPU
		{C6044AEF-15CC-4DCE-A481-CE021AA9EEFF}.Debug|Any CPU.ActiveCfg = Debug|Any CPU
		{C6044AEF-15CC-4DCE-A481-CE021AA9EEFF}.Debug|Any CPU.Build.0 = Debug|Any CPU
		{C6044AEF-15CC-4DCE-A481-CE021AA9EEFF}.Debug|Mixed Platforms.ActiveCfg = Debug|Any CPU
		{C6044AEF-15CC-4DCE-A481-CE021AA9EEFF}.Debug|Mixed Platforms.Build.0 = Debug|Any CPU
		{C6044AEF-15CC-4DCE-A481-CE021AA9EEFF}.Debug|x86.ActiveCfg = Debug|Any CPU
		{C6044AEF-15CC-4DCE-A481-CE021AA9EEFF}.DebugExcel|Any CPU.ActiveCfg = Debug Excel|Any CPU
		{C6044AEF-15CC-4DCE-A481-CE021AA9EEFF}.DebugExcel|Any CPU.Build.0 = Debug Excel|Any CPU
		{C6044AEF-15CC-4DCE-A481-CE021AA9EEFF}.DebugExcel|Mixed Platforms.ActiveCfg = Debug Excel|Any CPU
		{C6044AEF-15CC-4DCE-A481-CE021AA9EEFF}.DebugExcel|Mixed Platforms.Build.0 = Debug Excel|Any CPU
		{C6044AEF-15CC-4DCE-A481-CE021AA9EEFF}.DebugExcel|x86.ActiveCfg = Debug Excel|Any CPU
		{C6044AEF-15CC-4DCE-A481-CE021AA9EEFF}.DebugVBScript|Any CPU.ActiveCfg = Debug|Any CPU
		{C6044AEF-15CC-4DCE-A481-CE021AA9EEFF}.DebugVBScript|Any CPU.Build.0 = Debug|Any CPU
		{C6044AEF-15CC-4DCE-A481-CE021AA9EEFF}.DebugVBScript|Mixed Platforms.ActiveCfg = Debug|Any CPU
		{C6044AEF-15CC-4DCE-A481-CE021AA9EEFF}.DebugVBScript|Mixed Platforms.Build.0 = Debug|Any CPU
		{C6044AEF-15CC-4DCE-A481-CE021AA9EEFF}.DebugVBScript|x86.ActiveCfg = Debug|Any CPU
		{C6044AEF-15CC-4DCE-A481-CE021AA9EEFF}.Generate|Any CPU.ActiveCfg = Generate|Any CPU
		{C6044AEF-15CC-4DCE-A481-CE021AA9EEFF}.Generate|Mixed Platforms.ActiveCfg = Generate|Any CPU
		{C6044AEF-15CC-4DCE-A481-CE021AA9EEFF}.Generate|x86.ActiveCfg = Generate|Any CPU
		{C6044AEF-15CC-4DCE-A481-CE021AA9EEFF}.Release|Any CPU.ActiveCfg = Release|Any CPU
		{C6044AEF-15CC-4DCE-A481-CE021AA9EEFF}.Release|Any CPU.Build.0 = Release|Any CPU
		{C6044AEF-15CC-4DCE-A481-CE021AA9EEFF}.Release|Mixed Platforms.ActiveCfg = Release|Any CPU
		{C6044AEF-15CC-4DCE-A481-CE021AA9EEFF}.Release|Mixed Platforms.Build.0 = Release|Any CPU
		{C6044AEF-15CC-4DCE-A481-CE021AA9EEFF}.Release|x86.ActiveCfg = Release|Any CPU
		{C6044AEF-15CC-4DCE-A481-CE021AA9EEFF}.VBSrunner|Any CPU.ActiveCfg = VBSrunner|Any CPU
		{C6044AEF-15CC-4DCE-A481-CE021AA9EEFF}.VBSrunner|Any CPU.Build.0 = VBSrunner|Any CPU
		{C6044AEF-15CC-4DCE-A481-CE021AA9EEFF}.VBSrunner|Mixed Platforms.ActiveCfg = VBSrunner|Any CPU
		{C6044AEF-15CC-4DCE-A481-CE021AA9EEFF}.VBSrunner|x86.ActiveCfg = VBSrunner|Any CPU
		{C6044AEF-15CC-4DCE-A481-CE021AA9EEFF}.VS_Tests|Any CPU.ActiveCfg = VS_Tests|Any CPU
		{C6044AEF-15CC-4DCE-A481-CE021AA9EEFF}.VS_Tests|Any CPU.Build.0 = VS_Tests|Any CPU
		{C6044AEF-15CC-4DCE-A481-CE021AA9EEFF}.VS_Tests|Mixed Platforms.ActiveCfg = VS_Tests|Any CPU
		{C6044AEF-15CC-4DCE-A481-CE021AA9EEFF}.VS_Tests|x86.ActiveCfg = VS_Tests|Any CPU
		{C6044AEF-15CC-4DCE-A481-CE021AA9EEFF}.Windriver-Tests|Any CPU.ActiveCfg = Windriver-Tests|Any CPU
		{C6044AEF-15CC-4DCE-A481-CE021AA9EEFF}.Windriver-Tests|Any CPU.Build.0 = Windriver-Tests|Any CPU
		{C6044AEF-15CC-4DCE-A481-CE021AA9EEFF}.Windriver-Tests|Mixed Platforms.ActiveCfg = Windriver-Tests|Any CPU
		{C6044AEF-15CC-4DCE-A481-CE021AA9EEFF}.Windriver-Tests|x86.ActiveCfg = Windriver-Tests|Any CPU
		{C70B9103-6FA4-4C6B-A368-36A620C48980}.Console|Any CPU.ActiveCfg = Console|x86
		{C70B9103-6FA4-4C6B-A368-36A620C48980}.Console|Mixed Platforms.ActiveCfg = Console|x86
		{C70B9103-6FA4-4C6B-A368-36A620C48980}.Console|x86.ActiveCfg = Console|x86
		{C70B9103-6FA4-4C6B-A368-36A620C48980}.Console|x86.Build.0 = Console|x86
		{C70B9103-6FA4-4C6B-A368-36A620C48980}.Debug|Any CPU.ActiveCfg = Debug|x86
		{C70B9103-6FA4-4C6B-A368-36A620C48980}.Debug|Mixed Platforms.ActiveCfg = Debug|x86
		{C70B9103-6FA4-4C6B-A368-36A620C48980}.Debug|x86.ActiveCfg = Debug|x86
		{C70B9103-6FA4-4C6B-A368-36A620C48980}.Debug|x86.Build.0 = Debug|x86
		{C70B9103-6FA4-4C6B-A368-36A620C48980}.DebugExcel|Any CPU.ActiveCfg = Debug Excel|x86
		{C70B9103-6FA4-4C6B-A368-36A620C48980}.DebugExcel|Mixed Platforms.ActiveCfg = Debug Excel|x86
		{C70B9103-6FA4-4C6B-A368-36A620C48980}.DebugExcel|x86.ActiveCfg = Debug Excel|x86
		{C70B9103-6FA4-4C6B-A368-36A620C48980}.DebugVBScript|Any CPU.ActiveCfg = Debug|x86
		{C70B9103-6FA4-4C6B-A368-36A620C48980}.DebugVBScript|Mixed Platforms.ActiveCfg = Debug|x86
		{C70B9103-6FA4-4C6B-A368-36A620C48980}.DebugVBScript|x86.ActiveCfg = Debug|x86
		{C70B9103-6FA4-4C6B-A368-36A620C48980}.DebugVBScript|x86.Build.0 = Debug|x86
		{C70B9103-6FA4-4C6B-A368-36A620C48980}.Generate|Any CPU.ActiveCfg = Generate|x86
		{C70B9103-6FA4-4C6B-A368-36A620C48980}.Generate|Any CPU.Build.0 = Generate|x86
		{C70B9103-6FA4-4C6B-A368-36A620C48980}.Generate|Mixed Platforms.ActiveCfg = Generate|x86
		{C70B9103-6FA4-4C6B-A368-36A620C48980}.Generate|Mixed Platforms.Build.0 = Generate|x86
		{C70B9103-6FA4-4C6B-A368-36A620C48980}.Generate|x86.ActiveCfg = Generate|x86
		{C70B9103-6FA4-4C6B-A368-36A620C48980}.Generate|x86.Build.0 = Generate|x86
		{C70B9103-6FA4-4C6B-A368-36A620C48980}.Release|Any CPU.ActiveCfg = Release|x86
		{C70B9103-6FA4-4C6B-A368-36A620C48980}.Release|Mixed Platforms.ActiveCfg = Release|x86
		{C70B9103-6FA4-4C6B-A368-36A620C48980}.Release|x86.ActiveCfg = Release|x86
		{C70B9103-6FA4-4C6B-A368-36A620C48980}.Release|x86.Build.0 = Release|x86
		{C70B9103-6FA4-4C6B-A368-36A620C48980}.VBSrunner|Any CPU.ActiveCfg = VBSrunner|x86
		{C70B9103-6FA4-4C6B-A368-36A620C48980}.VBSrunner|Mixed Platforms.ActiveCfg = VBSrunner|x86
		{C70B9103-6FA4-4C6B-A368-36A620C48980}.VBSrunner|x86.ActiveCfg = VBSrunner|x86
		{C70B9103-6FA4-4C6B-A368-36A620C48980}.VS_Tests|Any CPU.ActiveCfg = VS_Tests|x86
		{C70B9103-6FA4-4C6B-A368-36A620C48980}.VS_Tests|Mixed Platforms.ActiveCfg = VS_Tests|x86
		{C70B9103-6FA4-4C6B-A368-36A620C48980}.VS_Tests|x86.ActiveCfg = VS_Tests|x86
		{C70B9103-6FA4-4C6B-A368-36A620C48980}.Windriver-Tests|Any CPU.ActiveCfg = Windriver-Tests|x86
		{C70B9103-6FA4-4C6B-A368-36A620C48980}.Windriver-Tests|Mixed Platforms.ActiveCfg = Windriver-Tests|x86
		{C70B9103-6FA4-4C6B-A368-36A620C48980}.Windriver-Tests|x86.ActiveCfg = Windriver-Tests|x86
		{C70B9103-6FA4-4C6B-A368-36A620C48980}.Windriver-Tests|x86.Build.0 = Windriver-Tests|x86
		{FB070E01-ACF3-43B6-B824-51984E394661}.Console|Any CPU.ActiveCfg = Console|Any CPU
		{FB070E01-ACF3-43B6-B824-51984E394661}.Console|Any CPU.Build.0 = Console|Any CPU
		{FB070E01-ACF3-43B6-B824-51984E394661}.Console|Mixed Platforms.ActiveCfg = Console|Any CPU
		{FB070E01-ACF3-43B6-B824-51984E394661}.Console|x86.ActiveCfg = Console|Any CPU
		{FB070E01-ACF3-43B6-B824-51984E394661}.Debug|Any CPU.ActiveCfg = Debug|Any CPU
		{FB070E01-ACF3-43B6-B824-51984E394661}.Debug|Mixed Platforms.ActiveCfg = Debug|Any CPU
		{FB070E01-ACF3-43B6-B824-51984E394661}.Debug|x86.ActiveCfg = Debug|Any CPU
		{FB070E01-ACF3-43B6-B824-51984E394661}.DebugExcel|Any CPU.ActiveCfg = Debug|Any CPU
		{FB070E01-ACF3-43B6-B824-51984E394661}.DebugExcel|Mixed Platforms.ActiveCfg = Debug|Any CPU
		{FB070E01-ACF3-43B6-B824-51984E394661}.DebugExcel|x86.ActiveCfg = Debug|Any CPU
		{FB070E01-ACF3-43B6-B824-51984E394661}.DebugVBScript|Any CPU.ActiveCfg = Debug|Any CPU
		{FB070E01-ACF3-43B6-B824-51984E394661}.DebugVBScript|Any CPU.Build.0 = Debug|Any CPU
		{FB070E01-ACF3-43B6-B824-51984E394661}.DebugVBScript|Mixed Platforms.ActiveCfg = Debug|Any CPU
		{FB070E01-ACF3-43B6-B824-51984E394661}.DebugVBScript|x86.ActiveCfg = Debug|Any CPU
		{FB070E01-ACF3-43B6-B824-51984E394661}.Generate|Any CPU.ActiveCfg = Generate|Any CPU
		{FB070E01-ACF3-43B6-B824-51984E394661}.Generate|Mixed Platforms.ActiveCfg = Generate|Any CPU
		{FB070E01-ACF3-43B6-B824-51984E394661}.Generate|x86.ActiveCfg = Generate|Any CPU
		{FB070E01-ACF3-43B6-B824-51984E394661}.Release|Any CPU.ActiveCfg = Release|Any CPU
		{FB070E01-ACF3-43B6-B824-51984E394661}.Release|Any CPU.Build.0 = Release|Any CPU
		{FB070E01-ACF3-43B6-B824-51984E394661}.Release|Mixed Platforms.ActiveCfg = Release|Any CPU
		{FB070E01-ACF3-43B6-B824-51984E394661}.Release|x86.ActiveCfg = Release|Any CPU
		{FB070E01-ACF3-43B6-B824-51984E394661}.VBSrunner|Any CPU.ActiveCfg = VBSrunner|Any CPU
		{FB070E01-ACF3-43B6-B824-51984E394661}.VBSrunner|Mixed Platforms.ActiveCfg = VBSrunner|Any CPU
		{FB070E01-ACF3-43B6-B824-51984E394661}.VBSrunner|x86.ActiveCfg = VBSrunner|Any CPU
		{FB070E01-ACF3-43B6-B824-51984E394661}.VS_Tests|Any CPU.ActiveCfg = VS_Tests|Any CPU
		{FB070E01-ACF3-43B6-B824-51984E394661}.VS_Tests|Mixed Platforms.ActiveCfg = VS_Tests|Any CPU
		{FB070E01-ACF3-43B6-B824-51984E394661}.VS_Tests|x86.ActiveCfg = VS_Tests|Any CPU
		{FB070E01-ACF3-43B6-B824-51984E394661}.Windriver-Tests|Any CPU.ActiveCfg = Windriver-Tests|Any CPU
		{FB070E01-ACF3-43B6-B824-51984E394661}.Windriver-Tests|Any CPU.Build.0 = Windriver-Tests|Any CPU
		{FB070E01-ACF3-43B6-B824-51984E394661}.Windriver-Tests|Mixed Platforms.ActiveCfg = Windriver-Tests|Any CPU
		{FB070E01-ACF3-43B6-B824-51984E394661}.Windriver-Tests|x86.ActiveCfg = Windriver-Tests|Any CPU
		{E38DA0FD-EFD3-4050-9867-E2FFEFABF3B3}.Console|Any CPU.ActiveCfg = Console|Any CPU
		{E38DA0FD-EFD3-4050-9867-E2FFEFABF3B3}.Console|Any CPU.Build.0 = Console|Any CPU
		{E38DA0FD-EFD3-4050-9867-E2FFEFABF3B3}.Console|Mixed Platforms.ActiveCfg = Console|Any CPU
		{E38DA0FD-EFD3-4050-9867-E2FFEFABF3B3}.Console|x86.ActiveCfg = Console|Any CPU
		{E38DA0FD-EFD3-4050-9867-E2FFEFABF3B3}.Debug|Any CPU.ActiveCfg = Debug|Any CPU
		{E38DA0FD-EFD3-4050-9867-E2FFEFABF3B3}.Debug|Any CPU.Build.0 = Debug|Any CPU
		{E38DA0FD-EFD3-4050-9867-E2FFEFABF3B3}.Debug|Mixed Platforms.ActiveCfg = Debug|Any CPU
		{E38DA0FD-EFD3-4050-9867-E2FFEFABF3B3}.Debug|x86.ActiveCfg = Debug|Any CPU
		{E38DA0FD-EFD3-4050-9867-E2FFEFABF3B3}.DebugExcel|Any CPU.ActiveCfg = Debug|Any CPU
		{E38DA0FD-EFD3-4050-9867-E2FFEFABF3B3}.DebugExcel|Any CPU.Build.0 = Debug|Any CPU
		{E38DA0FD-EFD3-4050-9867-E2FFEFABF3B3}.DebugExcel|Mixed Platforms.ActiveCfg = Debug|Any CPU
		{E38DA0FD-EFD3-4050-9867-E2FFEFABF3B3}.DebugExcel|x86.ActiveCfg = Debug|Any CPU
		{E38DA0FD-EFD3-4050-9867-E2FFEFABF3B3}.DebugVBScript|Any CPU.ActiveCfg = Debug|Any CPU
		{E38DA0FD-EFD3-4050-9867-E2FFEFABF3B3}.DebugVBScript|Any CPU.Build.0 = Debug|Any CPU
		{E38DA0FD-EFD3-4050-9867-E2FFEFABF3B3}.DebugVBScript|Mixed Platforms.ActiveCfg = Debug|Any CPU
		{E38DA0FD-EFD3-4050-9867-E2FFEFABF3B3}.DebugVBScript|x86.ActiveCfg = Debug|Any CPU
		{E38DA0FD-EFD3-4050-9867-E2FFEFABF3B3}.Generate|Any CPU.ActiveCfg = Release|Any CPU
		{E38DA0FD-EFD3-4050-9867-E2FFEFABF3B3}.Generate|Any CPU.Build.0 = Release|Any CPU
		{E38DA0FD-EFD3-4050-9867-E2FFEFABF3B3}.Generate|Mixed Platforms.ActiveCfg = Release|Any CPU
		{E38DA0FD-EFD3-4050-9867-E2FFEFABF3B3}.Generate|Mixed Platforms.Build.0 = Release|Any CPU
		{E38DA0FD-EFD3-4050-9867-E2FFEFABF3B3}.Generate|x86.ActiveCfg = Release|Any CPU
		{E38DA0FD-EFD3-4050-9867-E2FFEFABF3B3}.Release|Any CPU.ActiveCfg = Release|Any CPU
		{E38DA0FD-EFD3-4050-9867-E2FFEFABF3B3}.Release|Any CPU.Build.0 = Release|Any CPU
		{E38DA0FD-EFD3-4050-9867-E2FFEFABF3B3}.Release|Mixed Platforms.ActiveCfg = Release|Any CPU
		{E38DA0FD-EFD3-4050-9867-E2FFEFABF3B3}.Release|x86.ActiveCfg = Release|Any CPU
		{E38DA0FD-EFD3-4050-9867-E2FFEFABF3B3}.VBSrunner|Any CPU.ActiveCfg = VBSrunner|Any CPU
		{E38DA0FD-EFD3-4050-9867-E2FFEFABF3B3}.VBSrunner|Mixed Platforms.ActiveCfg = VBSrunner|Any CPU
		{E38DA0FD-EFD3-4050-9867-E2FFEFABF3B3}.VBSrunner|x86.ActiveCfg = VBSrunner|Any CPU
		{E38DA0FD-EFD3-4050-9867-E2FFEFABF3B3}.VS_Tests|Any CPU.ActiveCfg = Release|Any CPU
		{E38DA0FD-EFD3-4050-9867-E2FFEFABF3B3}.VS_Tests|Any CPU.Build.0 = Release|Any CPU
		{E38DA0FD-EFD3-4050-9867-E2FFEFABF3B3}.VS_Tests|Mixed Platforms.ActiveCfg = Release|Any CPU
		{E38DA0FD-EFD3-4050-9867-E2FFEFABF3B3}.VS_Tests|Mixed Platforms.Build.0 = Release|Any CPU
		{E38DA0FD-EFD3-4050-9867-E2FFEFABF3B3}.VS_Tests|x86.ActiveCfg = Release|Any CPU
		{E38DA0FD-EFD3-4050-9867-E2FFEFABF3B3}.Windriver-Tests|Any CPU.ActiveCfg = Windriver-Tests|Any CPU
		{E38DA0FD-EFD3-4050-9867-E2FFEFABF3B3}.Windriver-Tests|Any CPU.Build.0 = Windriver-Tests|Any CPU
		{E38DA0FD-EFD3-4050-9867-E2FFEFABF3B3}.Windriver-Tests|Mixed Platforms.ActiveCfg = Windriver-Tests|Any CPU
		{E38DA0FD-EFD3-4050-9867-E2FFEFABF3B3}.Windriver-Tests|Mixed Platforms.Build.0 = Windriver-Tests|Any CPU
		{E38DA0FD-EFD3-4050-9867-E2FFEFABF3B3}.Windriver-Tests|x86.ActiveCfg = Windriver-Tests|Any CPU
		{7826383E-3566-43AC-8FDD-E378249F7AF7}.Console|Any CPU.ActiveCfg = Console|Any CPU
		{7826383E-3566-43AC-8FDD-E378249F7AF7}.Console|Any CPU.Build.0 = Console|Any CPU
		{7826383E-3566-43AC-8FDD-E378249F7AF7}.Console|Mixed Platforms.ActiveCfg = Console|Any CPU
		{7826383E-3566-43AC-8FDD-E378249F7AF7}.Console|x86.ActiveCfg = Console|Any CPU
		{7826383E-3566-43AC-8FDD-E378249F7AF7}.Debug|Any CPU.ActiveCfg = Debug|Any CPU
		{7826383E-3566-43AC-8FDD-E378249F7AF7}.Debug|Any CPU.Build.0 = Debug|Any CPU
		{7826383E-3566-43AC-8FDD-E378249F7AF7}.Debug|Mixed Platforms.ActiveCfg = Debug|Any CPU
		{7826383E-3566-43AC-8FDD-E378249F7AF7}.Debug|x86.ActiveCfg = Debug|Any CPU
		{7826383E-3566-43AC-8FDD-E378249F7AF7}.DebugExcel|Any CPU.ActiveCfg = Debug|Any CPU
		{7826383E-3566-43AC-8FDD-E378249F7AF7}.DebugExcel|Any CPU.Build.0 = Debug|Any CPU
		{7826383E-3566-43AC-8FDD-E378249F7AF7}.DebugExcel|Mixed Platforms.ActiveCfg = Debug|Any CPU
		{7826383E-3566-43AC-8FDD-E378249F7AF7}.DebugExcel|x86.ActiveCfg = Debug|Any CPU
		{7826383E-3566-43AC-8FDD-E378249F7AF7}.DebugVBScript|Any CPU.ActiveCfg = Debug|Any CPU
		{7826383E-3566-43AC-8FDD-E378249F7AF7}.DebugVBScript|Any CPU.Build.0 = Debug|Any CPU
		{7826383E-3566-43AC-8FDD-E378249F7AF7}.DebugVBScript|Mixed Platforms.ActiveCfg = Debug|Any CPU
		{7826383E-3566-43AC-8FDD-E378249F7AF7}.DebugVBScript|x86.ActiveCfg = Debug|Any CPU
		{7826383E-3566-43AC-8FDD-E378249F7AF7}.Generate|Any CPU.ActiveCfg = Release|Any CPU
		{7826383E-3566-43AC-8FDD-E378249F7AF7}.Generate|Any CPU.Build.0 = Release|Any CPU
		{7826383E-3566-43AC-8FDD-E378249F7AF7}.Generate|Mixed Platforms.ActiveCfg = Release|Any CPU
		{7826383E-3566-43AC-8FDD-E378249F7AF7}.Generate|Mixed Platforms.Build.0 = Release|Any CPU
		{7826383E-3566-43AC-8FDD-E378249F7AF7}.Generate|x86.ActiveCfg = Release|Any CPU
		{7826383E-3566-43AC-8FDD-E378249F7AF7}.Release|Any CPU.ActiveCfg = Release|Any CPU
		{7826383E-3566-43AC-8FDD-E378249F7AF7}.Release|Any CPU.Build.0 = Release|Any CPU
		{7826383E-3566-43AC-8FDD-E378249F7AF7}.Release|Mixed Platforms.ActiveCfg = Release|Any CPU
		{7826383E-3566-43AC-8FDD-E378249F7AF7}.Release|x86.ActiveCfg = Release|Any CPU
		{7826383E-3566-43AC-8FDD-E378249F7AF7}.VBSrunner|Any CPU.ActiveCfg = VBSrunner|Any CPU
		{7826383E-3566-43AC-8FDD-E378249F7AF7}.VBSrunner|Mixed Platforms.ActiveCfg = VBSrunner|Any CPU
		{7826383E-3566-43AC-8FDD-E378249F7AF7}.VBSrunner|x86.ActiveCfg = VBSrunner|Any CPU
		{7826383E-3566-43AC-8FDD-E378249F7AF7}.VS_Tests|Any CPU.ActiveCfg = Release|Any CPU
		{7826383E-3566-43AC-8FDD-E378249F7AF7}.VS_Tests|Any CPU.Build.0 = Release|Any CPU
		{7826383E-3566-43AC-8FDD-E378249F7AF7}.VS_Tests|Mixed Platforms.ActiveCfg = Release|Any CPU
		{7826383E-3566-43AC-8FDD-E378249F7AF7}.VS_Tests|Mixed Platforms.Build.0 = Release|Any CPU
		{7826383E-3566-43AC-8FDD-E378249F7AF7}.VS_Tests|x86.ActiveCfg = Release|Any CPU
		{7826383E-3566-43AC-8FDD-E378249F7AF7}.Windriver-Tests|Any CPU.ActiveCfg = Windriver-Tests|Any CPU
		{7826383E-3566-43AC-8FDD-E378249F7AF7}.Windriver-Tests|Any CPU.Build.0 = Windriver-Tests|Any CPU
		{7826383E-3566-43AC-8FDD-E378249F7AF7}.Windriver-Tests|Mixed Platforms.ActiveCfg = Windriver-Tests|Any CPU
		{7826383E-3566-43AC-8FDD-E378249F7AF7}.Windriver-Tests|Mixed Platforms.Build.0 = Windriver-Tests|Any CPU
		{7826383E-3566-43AC-8FDD-E378249F7AF7}.Windriver-Tests|x86.ActiveCfg = Windriver-Tests|Any CPU
		{2D643C76-D228-435F-A55F-018D27B34EC9}.Console|Any CPU.ActiveCfg = Console|Any CPU
		{2D643C76-D228-435F-A55F-018D27B34EC9}.Console|Any CPU.Build.0 = Console|Any CPU
		{2D643C76-D228-435F-A55F-018D27B34EC9}.Console|Mixed Platforms.ActiveCfg = Console|Any CPU
		{2D643C76-D228-435F-A55F-018D27B34EC9}.Console|x86.ActiveCfg = Console|Any CPU
		{2D643C76-D228-435F-A55F-018D27B34EC9}.Debug|Any CPU.ActiveCfg = Debug|Any CPU
		{2D643C76-D228-435F-A55F-018D27B34EC9}.Debug|Any CPU.Build.0 = Debug|Any CPU
		{2D643C76-D228-435F-A55F-018D27B34EC9}.Debug|Mixed Platforms.ActiveCfg = Debug|Any CPU
		{2D643C76-D228-435F-A55F-018D27B34EC9}.Debug|x86.ActiveCfg = Debug|Any CPU
		{2D643C76-D228-435F-A55F-018D27B34EC9}.DebugExcel|Any CPU.ActiveCfg = Debug|Any CPU
		{2D643C76-D228-435F-A55F-018D27B34EC9}.DebugExcel|Any CPU.Build.0 = Debug|Any CPU
		{2D643C76-D228-435F-A55F-018D27B34EC9}.DebugExcel|Mixed Platforms.ActiveCfg = Debug|Any CPU
		{2D643C76-D228-435F-A55F-018D27B34EC9}.DebugExcel|x86.ActiveCfg = Debug|Any CPU
		{2D643C76-D228-435F-A55F-018D27B34EC9}.DebugVBScript|Any CPU.ActiveCfg = Debug|Any CPU
		{2D643C76-D228-435F-A55F-018D27B34EC9}.DebugVBScript|Any CPU.Build.0 = Debug|Any CPU
		{2D643C76-D228-435F-A55F-018D27B34EC9}.DebugVBScript|Mixed Platforms.ActiveCfg = Debug|Any CPU
		{2D643C76-D228-435F-A55F-018D27B34EC9}.DebugVBScript|x86.ActiveCfg = Debug|Any CPU
		{2D643C76-D228-435F-A55F-018D27B34EC9}.Generate|Any CPU.ActiveCfg = Release|Any CPU
		{2D643C76-D228-435F-A55F-018D27B34EC9}.Generate|Any CPU.Build.0 = Release|Any CPU
		{2D643C76-D228-435F-A55F-018D27B34EC9}.Generate|Mixed Platforms.ActiveCfg = Release|Any CPU
		{2D643C76-D228-435F-A55F-018D27B34EC9}.Generate|Mixed Platforms.Build.0 = Release|Any CPU
		{2D643C76-D228-435F-A55F-018D27B34EC9}.Generate|x86.ActiveCfg = Release|Any CPU
		{2D643C76-D228-435F-A55F-018D27B34EC9}.Release|Any CPU.ActiveCfg = Release|Any CPU
		{2D643C76-D228-435F-A55F-018D27B34EC9}.Release|Any CPU.Build.0 = Release|Any CPU
		{2D643C76-D228-435F-A55F-018D27B34EC9}.Release|Mixed Platforms.ActiveCfg = Release|Any CPU
		{2D643C76-D228-435F-A55F-018D27B34EC9}.Release|x86.ActiveCfg = Release|Any CPU
		{2D643C76-D228-435F-A55F-018D27B34EC9}.VBSrunner|Any CPU.ActiveCfg = VBSrunner|Any CPU
		{2D643C76-D228-435F-A55F-018D27B34EC9}.VBSrunner|Mixed Platforms.ActiveCfg = VBSrunner|Any CPU
		{2D643C76-D228-435F-A55F-018D27B34EC9}.VBSrunner|x86.ActiveCfg = VBSrunner|Any CPU
		{2D643C76-D228-435F-A55F-018D27B34EC9}.VS_Tests|Any CPU.ActiveCfg = Release|Any CPU
		{2D643C76-D228-435F-A55F-018D27B34EC9}.VS_Tests|Any CPU.Build.0 = Release|Any CPU
		{2D643C76-D228-435F-A55F-018D27B34EC9}.VS_Tests|Mixed Platforms.ActiveCfg = Release|Any CPU
		{2D643C76-D228-435F-A55F-018D27B34EC9}.VS_Tests|Mixed Platforms.Build.0 = Release|Any CPU
		{2D643C76-D228-435F-A55F-018D27B34EC9}.VS_Tests|x86.ActiveCfg = Release|Any CPU
		{2D643C76-D228-435F-A55F-018D27B34EC9}.Windriver-Tests|Any CPU.ActiveCfg = Release|Any CPU
		{2D643C76-D228-435F-A55F-018D27B34EC9}.Windriver-Tests|Any CPU.Build.0 = Release|Any CPU
		{2D643C76-D228-435F-A55F-018D27B34EC9}.Windriver-Tests|Mixed Platforms.ActiveCfg = Release|Any CPU
		{2D643C76-D228-435F-A55F-018D27B34EC9}.Windriver-Tests|Mixed Platforms.Build.0 = Release|Any CPU
		{2D643C76-D228-435F-A55F-018D27B34EC9}.Windriver-Tests|x86.ActiveCfg = Release|Any CPU
		{A914B9E2-538C-44E1-8768-BC8936B3ECA3}.Console|Any CPU.ActiveCfg = Console|Any CPU
		{A914B9E2-538C-44E1-8768-BC8936B3ECA3}.Console|Any CPU.Build.0 = Console|Any CPU
		{A914B9E2-538C-44E1-8768-BC8936B3ECA3}.Console|Mixed Platforms.ActiveCfg = Console|Any CPU
		{A914B9E2-538C-44E1-8768-BC8936B3ECA3}.Console|x86.ActiveCfg = Console|Any CPU
		{A914B9E2-538C-44E1-8768-BC8936B3ECA3}.Debug|Any CPU.ActiveCfg = Debug|Any CPU
		{A914B9E2-538C-44E1-8768-BC8936B3ECA3}.Debug|Any CPU.Build.0 = Debug|Any CPU
		{A914B9E2-538C-44E1-8768-BC8936B3ECA3}.Debug|Mixed Platforms.ActiveCfg = Debug|Any CPU
		{A914B9E2-538C-44E1-8768-BC8936B3ECA3}.Debug|x86.ActiveCfg = Debug|Any CPU
		{A914B9E2-538C-44E1-8768-BC8936B3ECA3}.DebugExcel|Any CPU.ActiveCfg = Debug|Any CPU
		{A914B9E2-538C-44E1-8768-BC8936B3ECA3}.DebugExcel|Any CPU.Build.0 = Debug|Any CPU
		{A914B9E2-538C-44E1-8768-BC8936B3ECA3}.DebugExcel|Mixed Platforms.ActiveCfg = Debug|Any CPU
		{A914B9E2-538C-44E1-8768-BC8936B3ECA3}.DebugExcel|x86.ActiveCfg = Debug|Any CPU
		{A914B9E2-538C-44E1-8768-BC8936B3ECA3}.DebugVBScript|Any CPU.ActiveCfg = Debug|Any CPU
		{A914B9E2-538C-44E1-8768-BC8936B3ECA3}.DebugVBScript|Any CPU.Build.0 = Debug|Any CPU
		{A914B9E2-538C-44E1-8768-BC8936B3ECA3}.DebugVBScript|Mixed Platforms.ActiveCfg = Debug|Any CPU
		{A914B9E2-538C-44E1-8768-BC8936B3ECA3}.DebugVBScript|x86.ActiveCfg = Debug|Any CPU
		{A914B9E2-538C-44E1-8768-BC8936B3ECA3}.Generate|Any CPU.ActiveCfg = Release|Any CPU
		{A914B9E2-538C-44E1-8768-BC8936B3ECA3}.Generate|Any CPU.Build.0 = Release|Any CPU
		{A914B9E2-538C-44E1-8768-BC8936B3ECA3}.Generate|Mixed Platforms.ActiveCfg = Release|Any CPU
		{A914B9E2-538C-44E1-8768-BC8936B3ECA3}.Generate|Mixed Platforms.Build.0 = Release|Any CPU
		{A914B9E2-538C-44E1-8768-BC8936B3ECA3}.Generate|x86.ActiveCfg = Release|Any CPU
		{A914B9E2-538C-44E1-8768-BC8936B3ECA3}.Release|Any CPU.ActiveCfg = Release|Any CPU
		{A914B9E2-538C-44E1-8768-BC8936B3ECA3}.Release|Any CPU.Build.0 = Release|Any CPU
		{A914B9E2-538C-44E1-8768-BC8936B3ECA3}.Release|Mixed Platforms.ActiveCfg = Release|Any CPU
		{A914B9E2-538C-44E1-8768-BC8936B3ECA3}.Release|x86.ActiveCfg = Release|Any CPU
		{A914B9E2-538C-44E1-8768-BC8936B3ECA3}.VBSrunner|Any CPU.ActiveCfg = VBSrunner|Any CPU
		{A914B9E2-538C-44E1-8768-BC8936B3ECA3}.VBSrunner|Mixed Platforms.ActiveCfg = VBSrunner|Any CPU
		{A914B9E2-538C-44E1-8768-BC8936B3ECA3}.VBSrunner|x86.ActiveCfg = VBSrunner|Any CPU
		{A914B9E2-538C-44E1-8768-BC8936B3ECA3}.VS_Tests|Any CPU.ActiveCfg = Release|Any CPU
		{A914B9E2-538C-44E1-8768-BC8936B3ECA3}.VS_Tests|Any CPU.Build.0 = Release|Any CPU
		{A914B9E2-538C-44E1-8768-BC8936B3ECA3}.VS_Tests|Mixed Platforms.ActiveCfg = Release|Any CPU
		{A914B9E2-538C-44E1-8768-BC8936B3ECA3}.VS_Tests|Mixed Platforms.Build.0 = Release|Any CPU
		{A914B9E2-538C-44E1-8768-BC8936B3ECA3}.VS_Tests|x86.ActiveCfg = Release|Any CPU
		{A914B9E2-538C-44E1-8768-BC8936B3ECA3}.Windriver-Tests|Any CPU.ActiveCfg = Release|Any CPU
		{A914B9E2-538C-44E1-8768-BC8936B3ECA3}.Windriver-Tests|Any CPU.Build.0 = Release|Any CPU
		{A914B9E2-538C-44E1-8768-BC8936B3ECA3}.Windriver-Tests|Mixed Platforms.ActiveCfg = Release|Any CPU
		{A914B9E2-538C-44E1-8768-BC8936B3ECA3}.Windriver-Tests|Mixed Platforms.Build.0 = Release|Any CPU
		{A914B9E2-538C-44E1-8768-BC8936B3ECA3}.Windriver-Tests|x86.ActiveCfg = Release|Any CPU
		{F1497EF9-3131-471E-95CF-8F3D2FE75B8C}.Console|Any CPU.ActiveCfg = Release|x86
		{F1497EF9-3131-471E-95CF-8F3D2FE75B8C}.Console|Mixed Platforms.ActiveCfg = Release|x86
		{F1497EF9-3131-471E-95CF-8F3D2FE75B8C}.Console|Mixed Platforms.Build.0 = Release|x86
		{F1497EF9-3131-471E-95CF-8F3D2FE75B8C}.Console|x86.ActiveCfg = Release|x86
		{F1497EF9-3131-471E-95CF-8F3D2FE75B8C}.Console|x86.Build.0 = Release|x86
		{F1497EF9-3131-471E-95CF-8F3D2FE75B8C}.Debug|Any CPU.ActiveCfg = Debug|x86
		{F1497EF9-3131-471E-95CF-8F3D2FE75B8C}.Debug|Mixed Platforms.ActiveCfg = Debug|x86
		{F1497EF9-3131-471E-95CF-8F3D2FE75B8C}.Debug|x86.ActiveCfg = Debug|x86
		{F1497EF9-3131-471E-95CF-8F3D2FE75B8C}.Debug|x86.Build.0 = Debug|x86
		{F1497EF9-3131-471E-95CF-8F3D2FE75B8C}.DebugExcel|Any CPU.ActiveCfg = Debug|x86
		{F1497EF9-3131-471E-95CF-8F3D2FE75B8C}.DebugExcel|Mixed Platforms.ActiveCfg = Debug|x86
		{F1497EF9-3131-471E-95CF-8F3D2FE75B8C}.DebugExcel|x86.ActiveCfg = Debug|x86
		{F1497EF9-3131-471E-95CF-8F3D2FE75B8C}.DebugExcel|x86.Build.0 = Debug|x86
		{F1497EF9-3131-471E-95CF-8F3D2FE75B8C}.DebugVBScript|Any CPU.ActiveCfg = Debug|x86
		{F1497EF9-3131-471E-95CF-8F3D2FE75B8C}.DebugVBScript|Mixed Platforms.ActiveCfg = Debug|x86
		{F1497EF9-3131-471E-95CF-8F3D2FE75B8C}.DebugVBScript|x86.ActiveCfg = Debug|x86
		{F1497EF9-3131-471E-95CF-8F3D2FE75B8C}.DebugVBScript|x86.Build.0 = Debug|x86
		{F1497EF9-3131-471E-95CF-8F3D2FE75B8C}.Generate|Any CPU.ActiveCfg = Release|x86
		{F1497EF9-3131-471E-95CF-8F3D2FE75B8C}.Generate|Mixed Platforms.ActiveCfg = Release|x86
		{F1497EF9-3131-471E-95CF-8F3D2FE75B8C}.Generate|Mixed Platforms.Build.0 = Release|x86
		{F1497EF9-3131-471E-95CF-8F3D2FE75B8C}.Generate|x86.ActiveCfg = Release|x86
		{F1497EF9-3131-471E-95CF-8F3D2FE75B8C}.Generate|x86.Build.0 = Release|x86
		{F1497EF9-3131-471E-95CF-8F3D2FE75B8C}.Release|Any CPU.ActiveCfg = Release|x86
		{F1497EF9-3131-471E-95CF-8F3D2FE75B8C}.Release|Mixed Platforms.ActiveCfg = Release|x86
		{F1497EF9-3131-471E-95CF-8F3D2FE75B8C}.Release|x86.ActiveCfg = Release|x86
		{F1497EF9-3131-471E-95CF-8F3D2FE75B8C}.Release|x86.Build.0 = Release|x86
		{F1497EF9-3131-471E-95CF-8F3D2FE75B8C}.VBSrunner|Any CPU.ActiveCfg = VBSrunner|x86
		{F1497EF9-3131-471E-95CF-8F3D2FE75B8C}.VBSrunner|Mixed Platforms.ActiveCfg = VBSrunner|x86
		{F1497EF9-3131-471E-95CF-8F3D2FE75B8C}.VBSrunner|x86.ActiveCfg = VBSrunner|x86
		{F1497EF9-3131-471E-95CF-8F3D2FE75B8C}.VS_Tests|Any CPU.ActiveCfg = Release|x86
		{F1497EF9-3131-471E-95CF-8F3D2FE75B8C}.VS_Tests|Mixed Platforms.ActiveCfg = Release|x86
		{F1497EF9-3131-471E-95CF-8F3D2FE75B8C}.VS_Tests|Mixed Platforms.Build.0 = Release|x86
		{F1497EF9-3131-471E-95CF-8F3D2FE75B8C}.VS_Tests|x86.ActiveCfg = Release|x86
		{F1497EF9-3131-471E-95CF-8F3D2FE75B8C}.VS_Tests|x86.Build.0 = Release|x86
		{F1497EF9-3131-471E-95CF-8F3D2FE75B8C}.Windriver-Tests|Any CPU.ActiveCfg = Release|x86
		{F1497EF9-3131-471E-95CF-8F3D2FE75B8C}.Windriver-Tests|Mixed Platforms.ActiveCfg = Release|x86
		{F1497EF9-3131-471E-95CF-8F3D2FE75B8C}.Windriver-Tests|Mixed Platforms.Build.0 = Release|x86
		{F1497EF9-3131-471E-95CF-8F3D2FE75B8C}.Windriver-Tests|x86.ActiveCfg = Release|x86
		{F1497EF9-3131-471E-95CF-8F3D2FE75B8C}.Windriver-Tests|x86.Build.0 = Release|x86
		{7DD01EF0-9AC1-4A6D-900A-23426774A49B}.Console|Any CPU.ActiveCfg = Release|x86
		{7DD01EF0-9AC1-4A6D-900A-23426774A49B}.Console|Mixed Platforms.ActiveCfg = Release|x86
		{7DD01EF0-9AC1-4A6D-900A-23426774A49B}.Console|Mixed Platforms.Build.0 = Release|x86
		{7DD01EF0-9AC1-4A6D-900A-23426774A49B}.Console|x86.ActiveCfg = Release|x86
		{7DD01EF0-9AC1-4A6D-900A-23426774A49B}.Console|x86.Build.0 = Release|x86
		{7DD01EF0-9AC1-4A6D-900A-23426774A49B}.Debug|Any CPU.ActiveCfg = Debug|x86
		{7DD01EF0-9AC1-4A6D-900A-23426774A49B}.Debug|Mixed Platforms.ActiveCfg = Debug|x86
		{7DD01EF0-9AC1-4A6D-900A-23426774A49B}.Debug|Mixed Platforms.Build.0 = Debug|x86
		{7DD01EF0-9AC1-4A6D-900A-23426774A49B}.Debug|x86.ActiveCfg = Debug|x86
		{7DD01EF0-9AC1-4A6D-900A-23426774A49B}.Debug|x86.Build.0 = Debug|x86
		{7DD01EF0-9AC1-4A6D-900A-23426774A49B}.DebugExcel|Any CPU.ActiveCfg = Debug|x86
		{7DD01EF0-9AC1-4A6D-900A-23426774A49B}.DebugExcel|Mixed Platforms.ActiveCfg = Debug|x86
		{7DD01EF0-9AC1-4A6D-900A-23426774A49B}.DebugExcel|x86.ActiveCfg = Debug|x86
		{7DD01EF0-9AC1-4A6D-900A-23426774A49B}.DebugExcel|x86.Build.0 = Debug|x86
		{7DD01EF0-9AC1-4A6D-900A-23426774A49B}.DebugVBScript|Any CPU.ActiveCfg = Debug|x86
		{7DD01EF0-9AC1-4A6D-900A-23426774A49B}.DebugVBScript|Mixed Platforms.ActiveCfg = Debug|x86
		{7DD01EF0-9AC1-4A6D-900A-23426774A49B}.DebugVBScript|x86.ActiveCfg = Debug|x86
		{7DD01EF0-9AC1-4A6D-900A-23426774A49B}.DebugVBScript|x86.Build.0 = Debug|x86
		{7DD01EF0-9AC1-4A6D-900A-23426774A49B}.Generate|Any CPU.ActiveCfg = Release|x86
		{7DD01EF0-9AC1-4A6D-900A-23426774A49B}.Generate|Mixed Platforms.ActiveCfg = Release|x86
		{7DD01EF0-9AC1-4A6D-900A-23426774A49B}.Generate|Mixed Platforms.Build.0 = Release|x86
		{7DD01EF0-9AC1-4A6D-900A-23426774A49B}.Generate|x86.ActiveCfg = Release|x86
		{7DD01EF0-9AC1-4A6D-900A-23426774A49B}.Generate|x86.Build.0 = Release|x86
		{7DD01EF0-9AC1-4A6D-900A-23426774A49B}.Release|Any CPU.ActiveCfg = Release|x86
		{7DD01EF0-9AC1-4A6D-900A-23426774A49B}.Release|Mixed Platforms.ActiveCfg = Release|x86
		{7DD01EF0-9AC1-4A6D-900A-23426774A49B}.Release|x86.ActiveCfg = Release|x86
		{7DD01EF0-9AC1-4A6D-900A-23426774A49B}.Release|x86.Build.0 = Release|x86
		{7DD01EF0-9AC1-4A6D-900A-23426774A49B}.VBSrunner|Any CPU.ActiveCfg = VBSrunner|x86
		{7DD01EF0-9AC1-4A6D-900A-23426774A49B}.VBSrunner|Mixed Platforms.ActiveCfg = VBSrunner|x86
		{7DD01EF0-9AC1-4A6D-900A-23426774A49B}.VBSrunner|x86.ActiveCfg = VBSrunner|x86
		{7DD01EF0-9AC1-4A6D-900A-23426774A49B}.VS_Tests|Any CPU.ActiveCfg = Release|x86
		{7DD01EF0-9AC1-4A6D-900A-23426774A49B}.VS_Tests|Mixed Platforms.ActiveCfg = Release|x86
		{7DD01EF0-9AC1-4A6D-900A-23426774A49B}.VS_Tests|Mixed Platforms.Build.0 = Release|x86
		{7DD01EF0-9AC1-4A6D-900A-23426774A49B}.VS_Tests|x86.ActiveCfg = Release|x86
		{7DD01EF0-9AC1-4A6D-900A-23426774A49B}.VS_Tests|x86.Build.0 = Release|x86
		{7DD01EF0-9AC1-4A6D-900A-23426774A49B}.Windriver-Tests|Any CPU.ActiveCfg = Release|x86
		{7DD01EF0-9AC1-4A6D-900A-23426774A49B}.Windriver-Tests|Mixed Platforms.ActiveCfg = Release|x86
		{7DD01EF0-9AC1-4A6D-900A-23426774A49B}.Windriver-Tests|Mixed Platforms.Build.0 = Release|x86
		{7DD01EF0-9AC1-4A6D-900A-23426774A49B}.Windriver-Tests|x86.ActiveCfg = Release|x86
		{7DD01EF0-9AC1-4A6D-900A-23426774A49B}.Windriver-Tests|x86.Build.0 = Release|x86
		{8C736FEF-5C57-421D-968F-EF2AD7D6A8BA}.Console|Any CPU.ActiveCfg = Release|x86
		{8C736FEF-5C57-421D-968F-EF2AD7D6A8BA}.Console|Mixed Platforms.ActiveCfg = Release|x86
		{8C736FEF-5C57-421D-968F-EF2AD7D6A8BA}.Console|Mixed Platforms.Build.0 = Release|x86
		{8C736FEF-5C57-421D-968F-EF2AD7D6A8BA}.Console|x86.ActiveCfg = Release|x86
		{8C736FEF-5C57-421D-968F-EF2AD7D6A8BA}.Console|x86.Build.0 = Release|x86
		{8C736FEF-5C57-421D-968F-EF2AD7D6A8BA}.Debug|Any CPU.ActiveCfg = Debug|x86
		{8C736FEF-5C57-421D-968F-EF2AD7D6A8BA}.Debug|Mixed Platforms.ActiveCfg = Debug|x86
		{8C736FEF-5C57-421D-968F-EF2AD7D6A8BA}.Debug|x86.ActiveCfg = Debug|x86
		{8C736FEF-5C57-421D-968F-EF2AD7D6A8BA}.Debug|x86.Build.0 = Debug|x86
		{8C736FEF-5C57-421D-968F-EF2AD7D6A8BA}.DebugExcel|Any CPU.ActiveCfg = Debug|x86
		{8C736FEF-5C57-421D-968F-EF2AD7D6A8BA}.DebugExcel|Mixed Platforms.ActiveCfg = Debug|x86
		{8C736FEF-5C57-421D-968F-EF2AD7D6A8BA}.DebugExcel|x86.ActiveCfg = Debug|x86
		{8C736FEF-5C57-421D-968F-EF2AD7D6A8BA}.DebugExcel|x86.Build.0 = Debug|x86
		{8C736FEF-5C57-421D-968F-EF2AD7D6A8BA}.DebugVBScript|Any CPU.ActiveCfg = Debug|x86
		{8C736FEF-5C57-421D-968F-EF2AD7D6A8BA}.DebugVBScript|Mixed Platforms.ActiveCfg = Debug|x86
		{8C736FEF-5C57-421D-968F-EF2AD7D6A8BA}.DebugVBScript|x86.ActiveCfg = Debug|x86
		{8C736FEF-5C57-421D-968F-EF2AD7D6A8BA}.DebugVBScript|x86.Build.0 = Debug|x86
		{8C736FEF-5C57-421D-968F-EF2AD7D6A8BA}.Generate|Any CPU.ActiveCfg = Release|x86
		{8C736FEF-5C57-421D-968F-EF2AD7D6A8BA}.Generate|Mixed Platforms.ActiveCfg = Release|x86
		{8C736FEF-5C57-421D-968F-EF2AD7D6A8BA}.Generate|Mixed Platforms.Build.0 = Release|x86
		{8C736FEF-5C57-421D-968F-EF2AD7D6A8BA}.Generate|x86.ActiveCfg = Release|x86
		{8C736FEF-5C57-421D-968F-EF2AD7D6A8BA}.Generate|x86.Build.0 = Release|x86
		{8C736FEF-5C57-421D-968F-EF2AD7D6A8BA}.Release|Any CPU.ActiveCfg = Release|x86
		{8C736FEF-5C57-421D-968F-EF2AD7D6A8BA}.Release|Mixed Platforms.ActiveCfg = Release|x86
		{8C736FEF-5C57-421D-968F-EF2AD7D6A8BA}.Release|x86.ActiveCfg = Release|x86
		{8C736FEF-5C57-421D-968F-EF2AD7D6A8BA}.Release|x86.Build.0 = Release|x86
		{8C736FEF-5C57-421D-968F-EF2AD7D6A8BA}.VBSrunner|Any CPU.ActiveCfg = VBSrunner|x86
		{8C736FEF-5C57-421D-968F-EF2AD7D6A8BA}.VBSrunner|Mixed Platforms.ActiveCfg = VBSrunner|x86
		{8C736FEF-5C57-421D-968F-EF2AD7D6A8BA}.VBSrunner|x86.ActiveCfg = VBSrunner|x86
		{8C736FEF-5C57-421D-968F-EF2AD7D6A8BA}.VBSrunner|x86.Build.0 = VBSrunner|x86
		{8C736FEF-5C57-421D-968F-EF2AD7D6A8BA}.VS_Tests|Any CPU.ActiveCfg = Release|x86
		{8C736FEF-5C57-421D-968F-EF2AD7D6A8BA}.VS_Tests|Mixed Platforms.ActiveCfg = Release|x86
		{8C736FEF-5C57-421D-968F-EF2AD7D6A8BA}.VS_Tests|Mixed Platforms.Build.0 = Release|x86
		{8C736FEF-5C57-421D-968F-EF2AD7D6A8BA}.VS_Tests|x86.ActiveCfg = Release|x86
		{8C736FEF-5C57-421D-968F-EF2AD7D6A8BA}.VS_Tests|x86.Build.0 = Release|x86
		{8C736FEF-5C57-421D-968F-EF2AD7D6A8BA}.Windriver-Tests|Any CPU.ActiveCfg = Release|x86
		{8C736FEF-5C57-421D-968F-EF2AD7D6A8BA}.Windriver-Tests|Mixed Platforms.ActiveCfg = Release|x86
		{8C736FEF-5C57-421D-968F-EF2AD7D6A8BA}.Windriver-Tests|Mixed Platforms.Build.0 = Release|x86
		{8C736FEF-5C57-421D-968F-EF2AD7D6A8BA}.Windriver-Tests|x86.ActiveCfg = Release|x86
		{8C736FEF-5C57-421D-968F-EF2AD7D6A8BA}.Windriver-Tests|x86.Build.0 = Release|x86
		{20AE71E5-B9A8-415A-A9F1-A378E1EC2602}.Console|Any CPU.ActiveCfg = Release|x86
		{20AE71E5-B9A8-415A-A9F1-A378E1EC2602}.Console|Mixed Platforms.ActiveCfg = Release|x86
		{20AE71E5-B9A8-415A-A9F1-A378E1EC2602}.Console|Mixed Platforms.Build.0 = Release|x86
		{20AE71E5-B9A8-415A-A9F1-A378E1EC2602}.Console|x86.ActiveCfg = Release|x86
		{20AE71E5-B9A8-415A-A9F1-A378E1EC2602}.Console|x86.Build.0 = Release|x86
		{20AE71E5-B9A8-415A-A9F1-A378E1EC2602}.Debug|Any CPU.ActiveCfg = Debug|x86
		{20AE71E5-B9A8-415A-A9F1-A378E1EC2602}.Debug|Mixed Platforms.ActiveCfg = Debug|x86
		{20AE71E5-B9A8-415A-A9F1-A378E1EC2602}.Debug|Mixed Platforms.Build.0 = Debug|x86
		{20AE71E5-B9A8-415A-A9F1-A378E1EC2602}.Debug|x86.ActiveCfg = Debug|x86
		{20AE71E5-B9A8-415A-A9F1-A378E1EC2602}.Debug|x86.Build.0 = Debug|x86
		{20AE71E5-B9A8-415A-A9F1-A378E1EC2602}.DebugExcel|Any CPU.ActiveCfg = Debug|x86
		{20AE71E5-B9A8-415A-A9F1-A378E1EC2602}.DebugExcel|Mixed Platforms.ActiveCfg = Debug|x86
		{20AE71E5-B9A8-415A-A9F1-A378E1EC2602}.DebugExcel|Mixed Platforms.Build.0 = Debug|x86
		{20AE71E5-B9A8-415A-A9F1-A378E1EC2602}.DebugExcel|x86.ActiveCfg = Debug|x86
		{20AE71E5-B9A8-415A-A9F1-A378E1EC2602}.DebugExcel|x86.Build.0 = Debug|x86
		{20AE71E5-B9A8-415A-A9F1-A378E1EC2602}.DebugVBScript|Any CPU.ActiveCfg = Debug|x86
		{20AE71E5-B9A8-415A-A9F1-A378E1EC2602}.DebugVBScript|Mixed Platforms.ActiveCfg = Debug|x86
		{20AE71E5-B9A8-415A-A9F1-A378E1EC2602}.DebugVBScript|x86.ActiveCfg = Debug|x86
		{20AE71E5-B9A8-415A-A9F1-A378E1EC2602}.DebugVBScript|x86.Build.0 = Debug|x86
		{20AE71E5-B9A8-415A-A9F1-A378E1EC2602}.Generate|Any CPU.ActiveCfg = Release|x86
		{20AE71E5-B9A8-415A-A9F1-A378E1EC2602}.Generate|Mixed Platforms.ActiveCfg = Release|x86
		{20AE71E5-B9A8-415A-A9F1-A378E1EC2602}.Generate|Mixed Platforms.Build.0 = Release|x86
		{20AE71E5-B9A8-415A-A9F1-A378E1EC2602}.Generate|x86.ActiveCfg = Release|x86
		{20AE71E5-B9A8-415A-A9F1-A378E1EC2602}.Generate|x86.Build.0 = Release|x86
		{20AE71E5-B9A8-415A-A9F1-A378E1EC2602}.Release|Any CPU.ActiveCfg = Release|x86
		{20AE71E5-B9A8-415A-A9F1-A378E1EC2602}.Release|Mixed Platforms.ActiveCfg = Release|x86
		{20AE71E5-B9A8-415A-A9F1-A378E1EC2602}.Release|Mixed Platforms.Build.0 = Release|x86
		{20AE71E5-B9A8-415A-A9F1-A378E1EC2602}.Release|x86.ActiveCfg = Release|x86
		{20AE71E5-B9A8-415A-A9F1-A378E1EC2602}.Release|x86.Build.0 = Release|x86
		{20AE71E5-B9A8-415A-A9F1-A378E1EC2602}.VBSrunner|Any CPU.ActiveCfg = VBSrunner|x86
		{20AE71E5-B9A8-415A-A9F1-A378E1EC2602}.VBSrunner|Mixed Platforms.ActiveCfg = VBSrunner|x86
		{20AE71E5-B9A8-415A-A9F1-A378E1EC2602}.VBSrunner|Mixed Platforms.Build.0 = VBSrunner|x86
		{20AE71E5-B9A8-415A-A9F1-A378E1EC2602}.VBSrunner|x86.ActiveCfg = VBSrunner|x86
		{20AE71E5-B9A8-415A-A9F1-A378E1EC2602}.VBSrunner|x86.Build.0 = VBSrunner|x86
		{20AE71E5-B9A8-415A-A9F1-A378E1EC2602}.VS_Tests|Any CPU.ActiveCfg = Release|x86
		{20AE71E5-B9A8-415A-A9F1-A378E1EC2602}.VS_Tests|Mixed Platforms.ActiveCfg = Release|x86
		{20AE71E5-B9A8-415A-A9F1-A378E1EC2602}.VS_Tests|Mixed Platforms.Build.0 = Release|x86
		{20AE71E5-B9A8-415A-A9F1-A378E1EC2602}.VS_Tests|x86.ActiveCfg = Release|x86
		{20AE71E5-B9A8-415A-A9F1-A378E1EC2602}.VS_Tests|x86.Build.0 = Release|x86
		{20AE71E5-B9A8-415A-A9F1-A378E1EC2602}.Windriver-Tests|Any CPU.ActiveCfg = Release|x86
		{20AE71E5-B9A8-415A-A9F1-A378E1EC2602}.Windriver-Tests|Mixed Platforms.ActiveCfg = Release|x86
		{20AE71E5-B9A8-415A-A9F1-A378E1EC2602}.Windriver-Tests|Mixed Platforms.Build.0 = Release|x86
		{20AE71E5-B9A8-415A-A9F1-A378E1EC2602}.Windriver-Tests|x86.ActiveCfg = Release|x86
		{20AE71E5-B9A8-415A-A9F1-A378E1EC2602}.Windriver-Tests|x86.Build.0 = Release|x86
	EndGlobalSection
	GlobalSection(SolutionProperties) = preSolution
		HideSolutionNode = FALSE
	EndGlobalSection
	GlobalSection(NestedProjects) = preSolution
		{F1497EF9-3131-471E-95CF-8F3D2FE75B8C} = {0E558592-66EF-45C3-9C26-41A1F0253D10}
	EndGlobalSection
EndGlobal
