
Microsoft Visual Studio Solution File, Format Version 11.00
# Visual Studio 2010
Project("{FAE04EC0-301F-11D3-BF4B-00C04F79EFBC}") = "SeleniumWrapper", "SeleniumWrapper.csproj", "{C6044AEF-15CC-4DCE-A481-CE021AA9EEFF}"
EndProject
Project("{FAE04EC0-301F-11D3-BF4B-00C04F79EFBC}") = "InterfaceGeneration", "..\interface\InterfaceGeneration.csproj", "{C70B9103-6FA4-4C6B-A368-36A620C48980}"
EndProject
Project("{FAE04EC0-301F-11D3-BF4B-00C04F79EFBC}") = "Tests", "..\Tests\Tests.csproj", "{FB070E01-ACF3-43B6-B824-51984E394661}"
EndProject
Global
	GlobalSection(SolutionConfigurationPlatforms) = preSolution
		Debug|Any CPU = Debug|Any CPU
		Debug|Mixed Platforms = Debug|Mixed Platforms
		Debug|x86 = Debug|x86
		DebugExcel|Any CPU = DebugExcel|Any CPU
		DebugExcel|Mixed Platforms = DebugExcel|Mixed Platforms
		DebugExcel|x86 = DebugExcel|x86
		DebugVBScript|Any CPU = DebugVBScript|Any CPU
		DebugVBScript|Mixed Platforms = DebugVBScript|Mixed Platforms
		DebugVBScript|x86 = DebugVBScript|x86
		Release|Any CPU = Release|Any CPU
		Release|Mixed Platforms = Release|Mixed Platforms
		Release|x86 = Release|x86
	EndGlobalSection
	GlobalSection(ProjectConfigurationPlatforms) = postSolution
		{C6044AEF-15CC-4DCE-A481-CE021AA9EEFF}.Debug|Any CPU.ActiveCfg = Debug|Any CPU
		{C6044AEF-15CC-4DCE-A481-CE021AA9EEFF}.Debug|Any CPU.Build.0 = Debug|Any CPU
		{C6044AEF-15CC-4DCE-A481-CE021AA9EEFF}.Debug|Mixed Platforms.ActiveCfg = Debug|Any CPU
		{C6044AEF-15CC-4DCE-A481-CE021AA9EEFF}.Debug|Mixed Platforms.Build.0 = Debug|Any CPU
		{C6044AEF-15CC-4DCE-A481-CE021AA9EEFF}.Debug|x86.ActiveCfg = Debug|Any CPU
		{C6044AEF-15CC-4DCE-A481-CE021AA9EEFF}.DebugExcel|Any CPU.ActiveCfg = Debug Excel|Any CPU
		{C6044AEF-15CC-4DCE-A481-CE021AA9EEFF}.DebugExcel|Any CPU.Build.0 = Debug Excel|Any CPU
		{C6044AEF-15CC-4DCE-A481-CE021AA9EEFF}.DebugExcel|Mixed Platforms.ActiveCfg = Debug Excel|Any CPU
		{C6044AEF-15CC-4DCE-A481-CE021AA9EEFF}.DebugExcel|Mixed Platforms.Build.0 = Debug Excel|Any CPU
		{C6044AEF-15CC-4DCE-A481-CE021AA9EEFF}.DebugExcel|x86.ActiveCfg = Debug Excel|Any CPU
		{C6044AEF-15CC-4DCE-A481-CE021AA9EEFF}.DebugVBScript|Any CPU.ActiveCfg = Debug|Any CPU
		{C6044AEF-15CC-4DCE-A481-CE021AA9EEFF}.DebugVBScript|Any CPU.Build.0 = Debug|Any CPU
		{C6044AEF-15CC-4DCE-A481-CE021AA9EEFF}.DebugVBScript|Mixed Platforms.ActiveCfg = Debug|Any CPU
		{C6044AEF-15CC-4DCE-A481-CE021AA9EEFF}.DebugVBScript|Mixed Platforms.Build.0 = Debug|Any CPU
		{C6044AEF-15CC-4DCE-A481-CE021AA9EEFF}.DebugVBScript|x86.ActiveCfg = Debug|Any CPU
		{C6044AEF-15CC-4DCE-A481-CE021AA9EEFF}.Release|Any CPU.ActiveCfg = Release|Any CPU
		{C6044AEF-15CC-4DCE-A481-CE021AA9EEFF}.Release|Any CPU.Build.0 = Release|Any CPU
		{C6044AEF-15CC-4DCE-A481-CE021AA9EEFF}.Release|Mixed Platforms.ActiveCfg = Release|Any CPU
		{C6044AEF-15CC-4DCE-A481-CE021AA9EEFF}.Release|Mixed Platforms.Build.0 = Release|Any CPU
		{C6044AEF-15CC-4DCE-A481-CE021AA9EEFF}.Release|x86.ActiveCfg = Release|Any CPU
		{C70B9103-6FA4-4C6B-A368-36A620C48980}.Debug|Any CPU.ActiveCfg = Debug|x86
		{C70B9103-6FA4-4C6B-A368-36A620C48980}.Debug|Mixed Platforms.ActiveCfg = Debug|x86
		{C70B9103-6FA4-4C6B-A368-36A620C48980}.Debug|Mixed Platforms.Build.0 = Debug|x86
		{C70B9103-6FA4-4C6B-A368-36A620C48980}.Debug|x86.ActiveCfg = Debug|x86
		{C70B9103-6FA4-4C6B-A368-36A620C48980}.Debug|x86.Build.0 = Debug|x86
		{C70B9103-6FA4-4C6B-A368-36A620C48980}.DebugExcel|Any CPU.ActiveCfg = Debug Excel|x86
		{C70B9103-6FA4-4C6B-A368-36A620C48980}.DebugExcel|Mixed Platforms.ActiveCfg = Debug Excel|x86
		{C70B9103-6FA4-4C6B-A368-36A620C48980}.DebugExcel|Mixed Platforms.Build.0 = Debug Excel|x86
		{C70B9103-6FA4-4C6B-A368-36A620C48980}.DebugExcel|x86.ActiveCfg = Debug Excel|x86
		{C70B9103-6FA4-4C6B-A368-36A620C48980}.DebugVBScript|Any CPU.ActiveCfg = Debug|x86
		{C70B9103-6FA4-4C6B-A368-36A620C48980}.DebugVBScript|Mixed Platforms.ActiveCfg = Debug|x86
		{C70B9103-6FA4-4C6B-A368-36A620C48980}.DebugVBScript|x86.ActiveCfg = Debug|x86
		{C70B9103-6FA4-4C6B-A368-36A620C48980}.DebugVBScript|x86.Build.0 = Debug|x86
		{C70B9103-6FA4-4C6B-A368-36A620C48980}.Release|Any CPU.ActiveCfg = Release|x86
		{C70B9103-6FA4-4C6B-A368-36A620C48980}.Release|Mixed Platforms.ActiveCfg = Release|x86
		{C70B9103-6FA4-4C6B-A368-36A620C48980}.Release|Mixed Platforms.Build.0 = Release|x86
		{C70B9103-6FA4-4C6B-A368-36A620C48980}.Release|x86.ActiveCfg = Release|x86
		{C70B9103-6FA4-4C6B-A368-36A620C48980}.Release|x86.Build.0 = Release|x86
		{FB070E01-ACF3-43B6-B824-51984E394661}.Debug|Any CPU.ActiveCfg = Debug|Any CPU
		{FB070E01-ACF3-43B6-B824-51984E394661}.Debug|Any CPU.Build.0 = Debug|Any CPU
		{FB070E01-ACF3-43B6-B824-51984E394661}.Debug|Mixed Platforms.ActiveCfg = Debug|Any CPU
		{FB070E01-ACF3-43B6-B824-51984E394661}.Debug|Mixed Platforms.Build.0 = Debug|Any CPU
		{FB070E01-ACF3-43B6-B824-51984E394661}.Debug|x86.ActiveCfg = Debug|Any CPU
		{FB070E01-ACF3-43B6-B824-51984E394661}.DebugExcel|Any CPU.ActiveCfg = Debug|Any CPU
		{FB070E01-ACF3-43B6-B824-51984E394661}.DebugExcel|Any CPU.Build.0 = Debug|Any CPU
		{FB070E01-ACF3-43B6-B824-51984E394661}.DebugExcel|Mixed Platforms.ActiveCfg = Debug|Any CPU
		{FB070E01-ACF3-43B6-B824-51984E394661}.DebugExcel|Mixed Platforms.Build.0 = Debug|Any CPU
		{FB070E01-ACF3-43B6-B824-51984E394661}.DebugExcel|x86.ActiveCfg = Debug|Any CPU
		{FB070E01-ACF3-43B6-B824-51984E394661}.DebugVBScript|Any CPU.ActiveCfg = Debug|Any CPU
		{FB070E01-ACF3-43B6-B824-51984E394661}.DebugVBScript|Any CPU.Build.0 = Debug|Any CPU
		{FB070E01-ACF3-43B6-B824-51984E394661}.DebugVBScript|Mixed Platforms.ActiveCfg = Debug|Any CPU
		{FB070E01-ACF3-43B6-B824-51984E394661}.DebugVBScript|Mixed Platforms.Build.0 = Debug|Any CPU
		{FB070E01-ACF3-43B6-B824-51984E394661}.DebugVBScript|x86.ActiveCfg = Debug|Any CPU
		{FB070E01-ACF3-43B6-B824-51984E394661}.Release|Any CPU.ActiveCfg = Release|Any CPU
		{FB070E01-ACF3-43B6-B824-51984E394661}.Release|Any CPU.Build.0 = Release|Any CPU
		{FB070E01-ACF3-43B6-B824-51984E394661}.Release|Mixed Platforms.ActiveCfg = Release|Any CPU
		{FB070E01-ACF3-43B6-B824-51984E394661}.Release|Mixed Platforms.Build.0 = Release|Any CPU
		{FB070E01-ACF3-43B6-B824-51984E394661}.Release|x86.ActiveCfg = Release|Any CPU
	EndGlobalSection
	GlobalSection(SolutionProperties) = preSolution
		HideSolutionNode = FALSE
	EndGlobalSection
EndGlobal
